
Microsoft Visual Studio Solution File, Format Version 12.00
# Visual Studio Version 16
VisualStudioVersion = 16.0.31313.79
MinimumVisualStudioVersion = 10.0.40219.1
Project("{8BC9CEB8-8B4A-11D0-8D11-00A0C91BC942}") = "DiffEq", "DiffEq.vcxproj", "{DC20E68B-2F20-4643-9586-F7676259B75C}"
EndProject
Global
	GlobalSection(SolutionConfigurationPlatforms) = preSolution
		Debug|x64 = Debug|x64
		Debug|x86 = Debug|x86
		Release|x64 = Release|x64
		Release|x86 = Release|x86
	EndGlobalSection
	GlobalSection(ProjectConfigurationPlatforms) = postSolution
		{DC20E68B-2F20-4643-9586-F7676259B75C}.Debug|x64.ActiveCfg = Debug|x64
		{DC20E68B-2F20-4643-9586-F7676259B75C}.Debug|x64.Build.0 = Debug|x64
		{DC20E68B-2F20-4643-9586-F7676259B75C}.Debug|x86.ActiveCfg = Debug|Win32
		{DC20E68B-2F20-4643-9586-F7676259B75C}.Debug|x86.Build.0 = Debug|Win32
		{DC20E68B-2F20-4643-9586-F7676259B75C}.Release|x64.ActiveCfg = Release|x64
		{DC20E68B-2F20-4643-9586-F7676259B75C}.Release|x64.Build.0 = Release|x64
		{DC20E68B-2F20-4643-9586-F7676259B75C}.Release|x86.ActiveCfg = Release|Win32
		{DC20E68B-2F20-4643-9586-F7676259B75C}.Release|x86.Build.0 = Release|Win32
	EndGlobalSection
	GlobalSection(SolutionProperties) = preSolution
		HideSolutionNode = FALSE
	EndGlobalSection
	GlobalSection(ExtensibilityGlobals) = postSolution
		SolutionGuid = {FE5EB1B8-D35D-4C27-B67C-0955632D2A20}
	EndGlobalSection
EndGlobal
